
Microsoft Visual Studio Solution File, Format Version 12.00
# Visual Studio Version 16
VisualStudioVersion = 16.0.31105.61
MinimumVisualStudioVersion = 10.0.40219.1
Project("{9A19103F-16F7-4668-BE54-9A1E7A4F7556}") = "OnlineStore.Web", "OnlineStore\OnlineStore.Web.csproj", "{B5F52352-8DF3-4007-A9ED-C91CC038461F}"
	ProjectSection(ProjectDependencies) = postProject
		{1EF37FDA-3737-48F6-A5D1-F21C21A9A5C5} = {1EF37FDA-3737-48F6-A5D1-F21C21A9A5C5}
	EndProjectSection
EndProject
Project("{9A19103F-16F7-4668-BE54-9A1E7A4F7556}") = "OnlineStore.Api", "StoreApi\OnlineStore.Api.csproj", "{1EF37FDA-3737-48F6-A5D1-F21C21A9A5C5}"
EndProject
Project("{FAE04EC0-301F-11D3-BF4B-00C04F79EFBC}") = "OnlineStore.Dal", "OnlineStore.Dal\OnlineStore.Dal.csproj", "{3BFFE152-8454-4DAD-8191-2AB571B5C9BF}"
EndProject
Global
	GlobalSection(SolutionConfigurationPlatforms) = preSolution
		Debug|Any CPU = Debug|Any CPU
		Release|Any CPU = Release|Any CPU
	EndGlobalSection
	GlobalSection(ProjectConfigurationPlatforms) = postSolution
		{B5F52352-8DF3-4007-A9ED-C91CC038461F}.Debug|Any CPU.ActiveCfg = Debug|Any CPU
		{B5F52352-8DF3-4007-A9ED-C91CC038461F}.Debug|Any CPU.Build.0 = Debug|Any CPU
		{B5F52352-8DF3-4007-A9ED-C91CC038461F}.Release|Any CPU.ActiveCfg = Release|Any CPU
		{B5F52352-8DF3-4007-A9ED-C91CC038461F}.Release|Any CPU.Build.0 = Release|Any CPU
		{1EF37FDA-3737-48F6-A5D1-F21C21A9A5C5}.Debug|Any CPU.ActiveCfg = Debug|Any CPU
		{1EF37FDA-3737-48F6-A5D1-F21C21A9A5C5}.Debug|Any CPU.Build.0 = Debug|Any CPU
		{1EF37FDA-3737-48F6-A5D1-F21C21A9A5C5}.Release|Any CPU.ActiveCfg = Release|Any CPU
		{1EF37FDA-3737-48F6-A5D1-F21C21A9A5C5}.Release|Any CPU.Build.0 = Release|Any CPU
		{3BFFE152-8454-4DAD-8191-2AB571B5C9BF}.Debug|Any CPU.ActiveCfg = Debug|Any CPU
		{3BFFE152-8454-4DAD-8191-2AB571B5C9BF}.Debug|Any CPU.Build.0 = Debug|Any CPU
		{3BFFE152-8454-4DAD-8191-2AB571B5C9BF}.Release|Any CPU.ActiveCfg = Release|Any CPU
		{3BFFE152-8454-4DAD-8191-2AB571B5C9BF}.Release|Any CPU.Build.0 = Release|Any CPU
	EndGlobalSection
	GlobalSection(SolutionProperties) = preSolution
		HideSolutionNode = FALSE
	EndGlobalSection
	GlobalSection(ExtensibilityGlobals) = postSolution
		SolutionGuid = {F7038182-8331-413A-A88A-018FB85BE657}
	EndGlobalSection
EndGlobal
